
Microsoft Visual Studio Solution File, Format Version 12.00
# Visual Studio Version 17
VisualStudioVersion = 17.13.35828.75
MinimumVisualStudioVersion = 10.0.40219.1
Project("{FAE04EC0-301F-11D3-BF4B-00C04F79EFBC}") = "Data", "Data\Data.csproj", "{6DCF56BE-20D7-49DC-BB04-D7E7546F4A8E}"
EndProject
Project("{FAE04EC0-301F-11D3-BF4B-00C04F79EFBC}") = "Logic", "Logic\Logic.csproj", "{51706273-3DA1-4A60-A81D-774C8A962131}"
EndProject
Project("{FAE04EC0-301F-11D3-BF4B-00C04F79EFBC}") = "Presentation", "Presentation\Presentation.csproj", "{F2CCE1F4-0F4C-4DD1-929B-DEEAF29B91A6}"
EndProject
Project("{FAE04EC0-301F-11D3-BF4B-00C04F79EFBC}") = "UnitTests", "UnitTests\UnitTests.csproj", "{1E7B7D76-CE70-4B1E-9DFE-112B172A920B}"
EndProject
Global
	GlobalSection(SolutionConfigurationPlatforms) = preSolution
		Debug|Any CPU = Debug|Any CPU
		Release|Any CPU = Release|Any CPU
	EndGlobalSection
	GlobalSection(ProjectConfigurationPlatforms) = postSolution
		{6DCF56BE-20D7-49DC-BB04-D7E7546F4A8E}.Debug|Any CPU.ActiveCfg = Debug|Any CPU
		{6DCF56BE-20D7-49DC-BB04-D7E7546F4A8E}.Debug|Any CPU.Build.0 = Debug|Any CPU
		{6DCF56BE-20D7-49DC-BB04-D7E7546F4A8E}.Release|Any CPU.ActiveCfg = Release|Any CPU
		{6DCF56BE-20D7-49DC-BB04-D7E7546F4A8E}.Release|Any CPU.Build.0 = Release|Any CPU
		{51706273-3DA1-4A60-A81D-774C8A962131}.Debug|Any CPU.ActiveCfg = Debug|Any CPU
		{51706273-3DA1-4A60-A81D-774C8A962131}.Debug|Any CPU.Build.0 = Debug|Any CPU
		{51706273-3DA1-4A60-A81D-774C8A962131}.Release|Any CPU.ActiveCfg = Release|Any CPU
		{51706273-3DA1-4A60-A81D-774C8A962131}.Release|Any CPU.Build.0 = Release|Any CPU
		{F2CCE1F4-0F4C-4DD1-929B-DEEAF29B91A6}.Debug|Any CPU.ActiveCfg = Debug|Any CPU
		{F2CCE1F4-0F4C-4DD1-929B-DEEAF29B91A6}.Debug|Any CPU.Build.0 = Debug|Any CPU
		{F2CCE1F4-0F4C-4DD1-929B-DEEAF29B91A6}.Release|Any CPU.ActiveCfg = Release|Any CPU
		{F2CCE1F4-0F4C-4DD1-929B-DEEAF29B91A6}.Release|Any CPU.Build.0 = Release|Any CPU
		{1E7B7D76-CE70-4B1E-9DFE-112B172A920B}.Debug|Any CPU.ActiveCfg = Debug|Any CPU
		{1E7B7D76-CE70-4B1E-9DFE-112B172A920B}.Debug|Any CPU.Build.0 = Debug|Any CPU
		{1E7B7D76-CE70-4B1E-9DFE-112B172A920B}.Release|Any CPU.ActiveCfg = Release|Any CPU
		{1E7B7D76-CE70-4B1E-9DFE-112B172A920B}.Release|Any CPU.Build.0 = Release|Any CPU
	EndGlobalSection
	GlobalSection(SolutionProperties) = preSolution
		HideSolutionNode = FALSE
	EndGlobalSection
	GlobalSection(ExtensibilityGlobals) = postSolution
		SolutionGuid = {120C2EC5-8CBB-4355-8F65-995DEA3B3608}
	EndGlobalSection
EndGlobal
