
Microsoft Visual Studio Solution File, Format Version 12.00
# Visual Studio Version 17
VisualStudioVersion = 17.13.35828.75
MinimumVisualStudioVersion = 10.0.40219.1
Project("{FAE04EC0-301F-11D3-BF4B-00C04F79EFBC}") = "Data", "Data\Data.csproj", "{F21F104C-EBA4-4289-A1F3-66325CA3C280}"
EndProject
Project("{FAE04EC0-301F-11D3-BF4B-00C04F79EFBC}") = "UnitTests", "UnitTests\UnitTests.csproj", "{1E943565-B456-4726-9B47-F3434EC555C2}"
EndProject
Project("{FAE04EC0-301F-11D3-BF4B-00C04F79EFBC}") = "Model", "Model\Model.csproj", "{1B9337E4-6263-4B58-BDB8-3975E8365B60}"
EndProject
Project("{FAE04EC0-301F-11D3-BF4B-00C04F79EFBC}") = "ViewModel", "ViewModel\ViewModel.csproj", "{53686E1A-F8F8-4E38-8330-743BC2F28A5B}"
EndProject
Project("{FAE04EC0-301F-11D3-BF4B-00C04F79EFBC}") = "View", "View\View.csproj", "{C5700AAF-E449-4656-ADC7-82A7688BE81D}"
EndProject
Project("{FAE04EC0-301F-11D3-BF4B-00C04F79EFBC}") = "Logic", "..\..\..\..\..\projektc#\ProjektCSharp\Logic\Logic.csproj", "{8D7FC732-7E6B-02DA-957C-98CE3C7F34B2}"
EndProject
Global
	GlobalSection(SolutionConfigurationPlatforms) = preSolution
		Debug|Any CPU = Debug|Any CPU
		Release|Any CPU = Release|Any CPU
	EndGlobalSection
	GlobalSection(ProjectConfigurationPlatforms) = postSolution
		{F21F104C-EBA4-4289-A1F3-66325CA3C280}.Debug|Any CPU.ActiveCfg = Debug|Any CPU
		{F21F104C-EBA4-4289-A1F3-66325CA3C280}.Debug|Any CPU.Build.0 = Debug|Any CPU
		{F21F104C-EBA4-4289-A1F3-66325CA3C280}.Release|Any CPU.ActiveCfg = Release|Any CPU
		{F21F104C-EBA4-4289-A1F3-66325CA3C280}.Release|Any CPU.Build.0 = Release|Any CPU
		{1E943565-B456-4726-9B47-F3434EC555C2}.Debug|Any CPU.ActiveCfg = Debug|Any CPU
		{1E943565-B456-4726-9B47-F3434EC555C2}.Debug|Any CPU.Build.0 = Debug|Any CPU
		{1E943565-B456-4726-9B47-F3434EC555C2}.Release|Any CPU.ActiveCfg = Release|Any CPU
		{1E943565-B456-4726-9B47-F3434EC555C2}.Release|Any CPU.Build.0 = Release|Any CPU
		{1B9337E4-6263-4B58-BDB8-3975E8365B60}.Debug|Any CPU.ActiveCfg = Debug|Any CPU
		{1B9337E4-6263-4B58-BDB8-3975E8365B60}.Debug|Any CPU.Build.0 = Debug|Any CPU
		{1B9337E4-6263-4B58-BDB8-3975E8365B60}.Release|Any CPU.ActiveCfg = Release|Any CPU
		{1B9337E4-6263-4B58-BDB8-3975E8365B60}.Release|Any CPU.Build.0 = Release|Any CPU
		{53686E1A-F8F8-4E38-8330-743BC2F28A5B}.Debug|Any CPU.ActiveCfg = Debug|Any CPU
		{53686E1A-F8F8-4E38-8330-743BC2F28A5B}.Debug|Any CPU.Build.0 = Debug|Any CPU
		{53686E1A-F8F8-4E38-8330-743BC2F28A5B}.Release|Any CPU.ActiveCfg = Release|Any CPU
		{53686E1A-F8F8-4E38-8330-743BC2F28A5B}.Release|Any CPU.Build.0 = Release|Any CPU
		{C5700AAF-E449-4656-ADC7-82A7688BE81D}.Debug|Any CPU.ActiveCfg = Debug|Any CPU
		{C5700AAF-E449-4656-ADC7-82A7688BE81D}.Debug|Any CPU.Build.0 = Debug|Any CPU
		{C5700AAF-E449-4656-ADC7-82A7688BE81D}.Release|Any CPU.ActiveCfg = Release|Any CPU
		{C5700AAF-E449-4656-ADC7-82A7688BE81D}.Release|Any CPU.Build.0 = Release|Any CPU
		{8D7FC732-7E6B-02DA-957C-98CE3C7F34B2}.Debug|Any CPU.ActiveCfg = Debug|Any CPU
		{8D7FC732-7E6B-02DA-957C-98CE3C7F34B2}.Debug|Any CPU.Build.0 = Debug|Any CPU
		{8D7FC732-7E6B-02DA-957C-98CE3C7F34B2}.Release|Any CPU.ActiveCfg = Release|Any CPU
		{8D7FC732-7E6B-02DA-957C-98CE3C7F34B2}.Release|Any CPU.Build.0 = Release|Any CPU
	EndGlobalSection
	GlobalSection(SolutionProperties) = preSolution
		HideSolutionNode = FALSE
	EndGlobalSection
	GlobalSection(ExtensibilityGlobals) = postSolution
		SolutionGuid = {120C2EC5-8CBB-4355-8F65-995DEA3B3608}
	EndGlobalSection
EndGlobal
